// !$*UTF8*$!
{
	archiveVersion = 1;
	classes = {
	};
	objectVersion = 77;
	objects = {

/* Begin PBXBuildFile section */
		59A405A65FC3887B6D21FF4E /* Assets.xcassets in Resources */ = {isa = PBXBuildFile; fileRef = 3F3271AABEE43EFD02639EF2 /* Assets.xcassets */; };
		A11C0C5A1C5A10C5A11C0001 /* Localizable.xcstrings in Resources */ = {isa = PBXBuildFile; fileRef = A11C0C5A1C5A10C5A11C0002 /* Localizable.xcstrings */; };
		A11C0C5A1C5A10C5A11C0003 /* InfoPlist.xcstrings in Resources */ = {isa = PBXBuildFile; fileRef = A11C0C5A1C5A10C5A11C0004 /* InfoPlist.xcstrings */; };
		8C2F843EC75C95D85AC89228 /* SignerApp.swift in Sources */ = {isa = PBXBuildFile; fileRef = 8A7CC9E23CE4A39547286C95 /* SignerApp.swift */; };
		8C7D7671323FE669A0B51306 /* PDFSignatureService.swift in Sources */ = {isa = PBXBuildFile; fileRef = 2F80A7C5FBC19147A17614BF /* PDFSignatureService.swift */; };
		AA49BE1F231F85CC5E26E1DD /* SignaturePadView.swift in Sources */ = {isa = PBXBuildFile; fileRef = 2F83100894F3829328856174 /* SignaturePadView.swift */; };
		C557FA69A8DE8BC31352749F /* ContentView.swift in Sources */ = {isa = PBXBuildFile; fileRef = 0524166BD93493B2F09A66DE /* ContentView.swift */; };
		EA877B58F28048DA0BB9F8AE /* PDFTapPlaceView.swift in Sources */ = {isa = PBXBuildFile; fileRef = D8573B9407C11A366598E303 /* PDFTapPlaceView.swift */; };
/* End PBXBuildFile section */

/* Begin PBXFileReference section */
		0524166BD93493B2F09A66DE /* ContentView.swift */ = {isa = PBXFileReference; lastKnownFileType = sourcecode.swift; path = ContentView.swift; sourceTree = "<group>"; };
		2F80A7C5FBC19147A17614BF /* PDFSignatureService.swift */ = {isa = PBXFileReference; lastKnownFileType = sourcecode.swift; path = PDFSignatureService.swift; sourceTree = "<group>"; };
		2F83100894F3829328856174 /* SignaturePadView.swift */ = {isa = PBXFileReference; lastKnownFileType = sourcecode.swift; path = SignaturePadView.swift; sourceTree = "<group>"; };
		3F3271AABEE43EFD02639EF2 /* Assets.xcassets */ = {isa = PBXFileReference; lastKnownFileType = folder.assetcatalog; path = Assets.xcassets; sourceTree = "<group>"; };
		A11C0C5A1C5A10C5A11C0002 /* Localizable.xcstrings */ = {isa = PBXFileReference; lastKnownFileType = text.json.xcstrings; path = Localizable.xcstrings; sourceTree = "<group>"; };
		A11C0C5A1C5A10C5A11C0004 /* InfoPlist.xcstrings */ = {isa = PBXFileReference; lastKnownFileType = text.json.xcstrings; path = InfoPlist.xcstrings; sourceTree = "<group>"; };
		8A7CC9E23CE4A39547286C95 /* SignerApp.swift */ = {isa = PBXFileReference; lastKnownFileType = sourcecode.swift; path = SignerApp.swift; sourceTree = "<group>"; };
		D8573B9407C11A366598E303 /* PDFTapPlaceView.swift */ = {isa = PBXFileReference; lastKnownFileType = sourcecode.swift; path = PDFTapPlaceView.swift; sourceTree = "<group>"; };
		E65FB729799157A47A6A075A /* Signer.app */ = {isa = PBXFileReference; explicitFileType = wrapper.application; includeInIndex = 0; path = Signer.app; sourceTree = BUILT_PRODUCTS_DIR; };
/* End PBXFileReference section */

/* Begin PBXGroup section */
		0E5B0A59D7D539857E2EC5A5 /* Products */ = {
			isa = PBXGroup;
			children = (
				E65FB729799157A47A6A075A /* Signer.app */,
			);
			name = Products;
			sourceTree = "<group>";
		};
		7C6C5E935E8FF707895A5553 /* Signer */ = {
			isa = PBXGroup;
			children = (
				3F3271AABEE43EFD02639EF2 /* Assets.xcassets */,
				A11C0C5A1C5A10C5A11C0004 /* InfoPlist.xcstrings */,
				A11C0C5A1C5A10C5A11C0002 /* Localizable.xcstrings */,
				0524166BD93493B2F09A66DE /* ContentView.swift */,
				2F80A7C5FBC19147A17614BF /* PDFSignatureService.swift */,
				D8573B9407C11A366598E303 /* PDFTapPlaceView.swift */,
				2F83100894F3829328856174 /* SignaturePadView.swift */,
				8A7CC9E23CE4A39547286C95 /* SignerApp.swift */,
			);
			path = Signer;
			sourceTree = "<group>";
		};
		AED841F401EBA60917983388 = {
			isa = PBXGroup;
			children = (
				7C6C5E935E8FF707895A5553 /* Signer */,
				0E5B0A59D7D539857E2EC5A5 /* Products */,
			);
			sourceTree = "<group>";
		};
/* End PBXGroup section */

/* Begin PBXNativeTarget section */
		CC8149C2CE89019563C76CBE /* Signer */ = {
			isa = PBXNativeTarget;
			buildConfigurationList = 6D450E4FFD4357DF30033E00 /* Build configuration list for PBXNativeTarget "Signer" */;
			buildPhases = (
				169B8408A9342EDDAB4D7101 /* Sources */,
				D682496515C07F3CD974A945 /* Resources */,
			);
			buildRules = (
			);
			dependencies = (
			);
			name = Signer;
			packageProductDependencies = (
			);
			productName = Signer;
			productReference = E65FB729799157A47A6A075A /* Signer.app */;
			productType = "com.apple.product-type.application";
		};
/* End PBXNativeTarget section */

/* Begin PBXProject section */
		DE16773178AD9C7779EDAA74 /* Project object */ = {
			isa = PBXProject;
			attributes = {
				BuildIndependentTargetsInParallel = YES;
				LastUpgradeCheck = 1600;
				TargetAttributes = {
					CC8149C2CE89019563C76CBE = {
						ProvisioningStyle = Automatic;
					};
				};
			};
			buildConfigurationList = 91D38ED03330894C08990137 /* Build configuration list for PBXProject "Signer" */;
			developmentRegion = en;
			hasScannedForEncodings = 0;
			knownRegions = (
				Base,
				en,
				ru,
				lt,
				es,
				de,
				fr,
				pl,
			);
			mainGroup = AED841F401EBA60917983388;
			minimizedProjectReferenceProxies = 1;
			preferredProjectObjectVersion = 77;
			productRefGroup = 0E5B0A59D7D539857E2EC5A5 /* Products */;
			projectDirPath = "";
			projectRoot = "";
			targets = (
				CC8149C2CE89019563C76CBE /* Signer */,
			);
		};
/* End PBXProject section */

/* Begin PBXResourcesBuildPhase section */
		D682496515C07F3CD974A945 /* Resources */ = {
			isa = PBXResourcesBuildPhase;
			buildActionMask = 2147483647;
			files = (
				59A405A65FC3887B6D21FF4E /* Assets.xcassets in Resources */,
				A11C0C5A1C5A10C5A11C0001 /* Localizable.xcstrings in Resources */,
				A11C0C5A1C5A10C5A11C0003 /* InfoPlist.xcstrings in Resources */,
			);
			runOnlyForDeploymentPostprocessing = 0;
		};
/* End PBXResourcesBuildPhase section */

/* Begin PBXSourcesBuildPhase section */
		169B8408A9342EDDAB4D7101 /* Sources */ = {
			isa = PBXSourcesBuildPhase;
			buildActionMask = 2147483647;
			files = (
				C557FA69A8DE8BC31352749F /* ContentView.swift in Sources */,
				8C7D7671323FE669A0B51306 /* PDFSignatureService.swift in Sources */,
				EA877B58F28048DA0BB9F8AE /* PDFTapPlaceView.swift in Sources */,
				AA49BE1F231F85CC5E26E1DD /* SignaturePadView.swift in Sources */,
				8C2F843EC75C95D85AC89228 /* SignerApp.swift in Sources */,
			);
			runOnlyForDeploymentPostprocessing = 0;
		};
/* End PBXSourcesBuildPhase section */

/* Begin XCBuildConfiguration section */
		730E7C161A07C8293D62C772 /* Release */ = {
			isa = XCBuildConfiguration;
			buildSettings = {
				ALWAYS_SEARCH_USER_PATHS = NO;
				BASE_CONFIGURATION_PLATFORM = iOS;
				CLANG_ANALYZER_NONNULL = YES;
				CLANG_ANALYZER_NUMBER_OBJECT_CONVERSION = YES_AGGRESSIVE;
				CLANG_CXX_LANGUAGE_STANDARD = "gnu++14";
				CLANG_CXX_LIBRARY = "libc++";
				CLANG_ENABLE_MODULES = YES;
				CLANG_ENABLE_OBJC_ARC = YES;
				CLANG_ENABLE_OBJC_WEAK = YES;
				CLANG_WARN_BLOCK_CAPTURE_AUTORELEASING = YES;
				CLANG_WARN_BOOL_CONVERSION = YES;
				CLANG_WARN_COMMA = YES;
				CLANG_WARN_CONSTANT_CONVERSION = YES;
				CLANG_WARN_DEPRECATED_OBJC_IMPLEMENTATIONS = YES;
				CLANG_WARN_DIRECT_OBJC_ISA_USAGE = YES_ERROR;
				CLANG_WARN_DOCUMENTATION_COMMENTS = YES;
				CLANG_WARN_EMPTY_BODY = YES;
				CLANG_WARN_ENUM_CONVERSION = YES;
				CLANG_WARN_INFINITE_RECURSION = YES;
				CLANG_WARN_INT_CONVERSION = YES;
				CLANG_WARN_NON_LITERAL_NULL_CONVERSION = YES;
				CLANG_WARN_OBJC_IMPLICIT_RETAIN_SELF = YES;
				CLANG_WARN_OBJC_LITERAL_CONVERSION = YES;
				CLANG_WARN_OBJC_ROOT_CLASS = YES_ERROR;
				CLANG_WARN_QUOTED_INCLUDE_IN_FRAMEWORK_HEADER = YES;
				CLANG_WARN_RANGE_LOOP_ANALYSIS = YES;
				CLANG_WARN_STRICT_PROTOTYPES = YES;
				CLANG_WARN_SUSPICIOUS_MOVE = YES;
				CLANG_WARN_UNGUARDED_AVAILABILITY = YES_AGGRESSIVE;
				CLANG_WARN_UNREACHABLE_CODE = YES;
				CLANG_WARN__DUPLICATE_METHOD_MATCH = YES;
				COPY_PHASE_STRIP = NO;
				DEBUG_INFORMATION_FORMAT = "dwarf-with-dsym";
				ENABLE_NS_ASSERTIONS = NO;
				ENABLE_STRICT_OBJC_MSGSEND = YES;
				GCC_C_LANGUAGE_STANDARD = gnu11;
				GCC_NO_COMMON_BLOCKS = YES;
				GCC_WARN_64_TO_32_BIT_CONVERSION = YES;
				GCC_WARN_ABOUT_RETURN_TYPE = YES_ERROR;
				GCC_WARN_UNDECLARED_SELECTOR = YES;
				GCC_WARN_UNINITIALIZED_AUTOS = YES_AGGRESSIVE;
				GCC_WARN_UNUSED_FUNCTION = YES;
				GCC_WARN_UNUSED_VARIABLE = YES;
				IPHONEOS_DEPLOYMENT_TARGET = 17.0;
				MTL_ENABLE_DEBUG_INFO = NO;
				MTL_FAST_MATH = YES;
				PRODUCT_NAME = "$(TARGET_NAME)";
				SDKROOT = iphoneos;
				SWIFT_COMPILATION_MODE = wholemodule;
				SWIFT_OPTIMIZATION_LEVEL = "-O";
				SWIFT_VERSION = 5.0;
			};
			name = Release;
		};
		9A24EBB4850DED65A634C55F /* Debug */ = {
			isa = XCBuildConfiguration;
			buildSettings = {
				ALWAYS_SEARCH_USER_PATHS = NO;
				BASE_CONFIGURATION_PLATFORM = iOS;
				CLANG_ANALYZER_NONNULL = YES;
				CLANG_ANALYZER_NUMBER_OBJECT_CONVERSION = YES_AGGRESSIVE;
				CLANG_CXX_LANGUAGE_STANDARD = "gnu++14";
				CLANG_CXX_LIBRARY = "libc++";
				CLANG_ENABLE_MODULES = YES;
				CLANG_ENABLE_OBJC_ARC = YES;
				CLANG_ENABLE_OBJC_WEAK = YES;
				CLANG_WARN_BLOCK_CAPTURE_AUTORELEASING = YES;
				CLANG_WARN_BOOL_CONVERSION = YES;
				CLANG_WARN_COMMA = YES;
				CLANG_WARN_CONSTANT_CONVERSION = YES;
				CLANG_WARN_DEPRECATED_OBJC_IMPLEMENTATIONS = YES;
				CLANG_WARN_DIRECT_OBJC_ISA_USAGE = YES_ERROR;
				CLANG_WARN_DOCUMENTATION_COMMENTS = YES;
				CLANG_WARN_EMPTY_BODY = YES;
				CLANG_WARN_ENUM_CONVERSION = YES;
				CLANG_WARN_INFINITE_RECURSION = YES;
				CLANG_WARN_INT_CONVERSION = YES;
				CLANG_WARN_NON_LITERAL_NULL_CONVERSION = YES;
				CLANG_WARN_OBJC_IMPLICIT_RETAIN_SELF = YES;
				CLANG_WARN_OBJC_LITERAL_CONVERSION = YES;
				CLANG_WARN_OBJC_ROOT_CLASS = YES_ERROR;
				CLANG_WARN_QUOTED_INCLUDE_IN_FRAMEWORK_HEADER = YES;
				CLANG_WARN_RANGE_LOOP_ANALYSIS = YES;
				CLANG_WARN_STRICT_PROTOTYPES = YES;
				CLANG_WARN_SUSPICIOUS_MOVE = YES;
				CLANG_WARN_UNGUARDED_AVAILABILITY = YES_AGGRESSIVE;
				CLANG_WARN_UNREACHABLE_CODE = YES;
				CLANG_WARN__DUPLICATE_METHOD_MATCH = YES;
				COPY_PHASE_STRIP = NO;
				DEBUG_INFORMATION_FORMAT = dwarf;
				ENABLE_STRICT_OBJC_MSGSEND = YES;
				ENABLE_TESTABILITY = YES;
				GCC_C_LANGUAGE_STANDARD = gnu11;
				GCC_DYNAMIC_NO_PIC = NO;
				GCC_NO_COMMON_BLOCKS = YES;
				GCC_OPTIMIZATION_LEVEL = 0;
				GCC_PREPROCESSOR_DEFINITIONS = (
					"$(inherited)",
					"DEBUG=1",
				);
				GCC_WARN_64_TO_32_BIT_CONVERSION = YES;
				GCC_WARN_ABOUT_RETURN_TYPE = YES_ERROR;
				GCC_WARN_UNDECLARED_SELECTOR = YES;
				GCC_WARN_UNINITIALIZED_AUTOS = YES_AGGRESSIVE;
				GCC_WARN_UNUSED_FUNCTION = YES;
				GCC_WARN_UNUSED_VARIABLE = YES;
				IPHONEOS_DEPLOYMENT_TARGET = 17.0;
				MTL_ENABLE_DEBUG_INFO = INCLUDE_SOURCE;
				MTL_FAST_MATH = YES;
				ONLY_ACTIVE_ARCH = YES;
				PRODUCT_NAME = "$(TARGET_NAME)";
				SDKROOT = iphoneos;
				SWIFT_ACTIVE_COMPILATION_CONDITIONS = DEBUG;
				SWIFT_OPTIMIZATION_LEVEL = "-Onone";
				SWIFT_VERSION = 5.0;
			};
			name = Debug;
		};
		C54CC5A9559F6BF88BCD0DE1 /* Debug */ = {
			isa = XCBuildConfiguration;
			buildSettings = {
				ASSETCATALOG_COMPILER_APPICON_NAME = AppIcon;
				ASSETCATALOG_COMPILER_GLOBAL_ACCENT_COLOR_NAME = AccentColor;
				CODE_SIGN_IDENTITY = "iPhone Developer";
				CODE_SIGN_STYLE = Automatic;
				DEVELOPMENT_TEAM = L5267V3GWL;
				GENERATE_INFOPLIST_FILE = YES;
				INFOPLIST_KEY_CFBundleDisplayName = Signer;
				INFOPLIST_KEY_NSPhotoLibraryAddUsageDescription = "Сохранение подписанного PDF в Фото при необходимости.";
				INFOPLIST_KEY_UIApplicationSceneManifest_Generation = YES;
				INFOPLIST_KEY_UILaunchScreen_Generation = YES;
				INFOPLIST_KEY_UISupportedInterfaceOrientations_iPhone = "UIInterfaceOrientationPortrait UIInterfaceOrientationLandscapeLeft UIInterfaceOrientationLandscapeRight";
				LD_RUNPATH_SEARCH_PATHS = (
					"$(inherited)",
					"@executable_path/Frameworks",
				);
				PRODUCT_BUNDLE_IDENTIFIER = lt.turron.signer;
				SDKROOT = iphoneos;
				SWIFT_VERSION = 5.0;
				TARGETED_DEVICE_FAMILY = "1,2";
			};
			name = Debug;
		};
		FDCB38B1D1B9D6FDE008C2E2 /* Release */ = {
			isa = XCBuildConfiguration;
			buildSettings = {
				ASSETCATALOG_COMPILER_APPICON_NAME = AppIcon;
				ASSETCATALOG_COMPILER_GLOBAL_ACCENT_COLOR_NAME = AccentColor;
				CODE_SIGN_IDENTITY = "iPhone Developer";
				CODE_SIGN_STYLE = Automatic;
				DEVELOPMENT_TEAM = L5267V3GWL;
				GENERATE_INFOPLIST_FILE = YES;
				INFOPLIST_KEY_CFBundleDisplayName = Signer;
				INFOPLIST_KEY_NSPhotoLibraryAddUsageDescription = "Сохранение подписанного PDF в Фото при необходимости.";
				INFOPLIST_KEY_UIApplicationSceneManifest_Generation = YES;
				INFOPLIST_KEY_UILaunchScreen_Generation = YES;
				INFOPLIST_KEY_UISupportedInterfaceOrientations_iPhone = "UIInterfaceOrientationPortrait UIInterfaceOrientationLandscapeLeft UIInterfaceOrientationLandscapeRight";
				LD_RUNPATH_SEARCH_PATHS = (
					"$(inherited)",
					"@executable_path/Frameworks",
				);
				PRODUCT_BUNDLE_IDENTIFIER = lt.turron.signer;
				SDKROOT = iphoneos;
				SWIFT_VERSION = 5.0;
				TARGETED_DEVICE_FAMILY = "1,2";
			};
			name = Release;
		};
/* End XCBuildConfiguration section */

/* Begin XCConfigurationList section */
		6D450E4FFD4357DF30033E00 /* Build configuration list for PBXNativeTarget "Signer" */ = {
			isa = XCConfigurationList;
			buildConfigurations = (
				C54CC5A9559F6BF88BCD0DE1 /* Debug */,
				FDCB38B1D1B9D6FDE008C2E2 /* Release */,
			);
			defaultConfigurationIsVisible = 0;
			defaultConfigurationName = Debug;
		};
		91D38ED03330894C08990137 /* Build configuration list for PBXProject "Signer" */ = {
			isa = XCConfigurationList;
			buildConfigurations = (
				9A24EBB4850DED65A634C55F /* Debug */,
				730E7C161A07C8293D62C772 /* Release */,
			);
			defaultConfigurationIsVisible = 0;
			defaultConfigurationName = Debug;
		};
/* End XCConfigurationList section */
	};
	rootObject = DE16773178AD9C7779EDAA74 /* Project object */;
}
